{
    "_meta": {
        "hash": {
            "sha256": "03669a298d6c483adbff7280a7d5d35383be77fc76bcc5233d00f6e8288e1f63"
        },
        "pipfile-spec": 6,
        "requires": {
            "python_version": "3.6"
        },
        "sources": [
            {
                "name": "pypi",
                "url": "https://pypi.org/simple",
                "verify_ssl": true
            }
        ]
    },
    "default": {
        "alembic": {
            "hashes": [
                "sha256:0e3b50e96218283ec7443fb661199f5a81f5879f766967a8a2d25e8f9d4e7919"
            ],
            "version": "==0.8.10"
        },
        "apache-airflow": {
            "hashes": [
                "sha256:7565b05fa4d3039a6702fe062d79ff63a1c7f3733053a9cb1535163f76b66fa8"
            ],
            "index": "pypi",
            "version": "==1.9.0"
        },
        "bleach": {
            "hashes": [
                "sha256:38fc8cbebea4e787d8db55d6f324820c7f74362b70db9142c1ac7920452d1a19",
                "sha256:cf567e7ed30ea5e05b31231d88ae170af1c5544758b9d7bebbc20590b7c30b1e"
            ],
            "version": "==2.1.2"
        },
        "certifi": {
            "hashes": [
                "sha256:13e698f54293db9f89122b0581843a782ad0934a4fe0172d2a980ba77fc61bb7",
                "sha256:9fa520c1bacfb634fa7af20a76bcbd3d5fb390481724c597da32c719a7dca4b0"
            ],
            "version": "==2018.4.16"
        },
        "chardet": {
            "hashes": [
                "sha256:84ab92ed1c4d4f16916e05906b6b75a6c0fb5db821cc65e70cbd64a3e2a5eaae",
                "sha256:fc323ffcaeaed0e0a02bf4d117757b98aed530d9ed4531e3e15460124c106691"
            ],
            "version": "==3.0.4"
        },
        "click": {
            "hashes": [
                "sha256:29f99fc6125fbc931b758dc053b3114e55c77a6e4c6c3a2674a2dc986016381d",
                "sha256:f15516df478d5a56180fbf80e68f206010e6d160fc39fa508b65e035fd75130b"
            ],
            "version": "==6.7"
        },
        "click-plugins": {
            "hashes": [
                "sha256:7acc5e7eedd2dfd719714e8d53ae99030b5357aed661d0b06dacd6c2d583d7c5"
            ],
            "version": "==1.0.3"
        },
        "cligj": {
            "hashes": [
                "sha256:12ad07994f5c1173b06087ffbaacec52f9ebe4687926e5aacfc22b6b0c8b3f54",
                "sha256:2efdeb0ae64f2c2198ce7540ae0a5d67187d5fe9d79529ad8f4dbb8909210009",
                "sha256:7588487f1afcefbe65ae477cdbd4fca1828a3000fc3332e165dacb1dcb005f8a"
            ],
            "version": "==0.4.0"
        },
        "configparser": {
            "hashes": [
                "sha256:5308b47021bc2340965c371f0f058cc6971a04502638d4244225c49d80db273a"
            ],
            "version": "==3.5.0"
        },
        "croniter": {
            "hashes": [
                "sha256:4f8e828fab4bf5918b4c2e990b6a8f9d653557ae7f1f38bebed63bcfe1858a45"
            ],
            "version": "==0.3.22"
        },
        "cycler": {
            "hashes": [
                "sha256:1d8a5ae1ff6c5cf9b93e8811e581232ad8920aeec647c37316ceac982b08cb2d",
                "sha256:cd7b2d1018258d7247a71425e9f26463dfb444d411c39569972f4ce586b0c9d8"
            ],
            "version": "==0.10.0"
        },
        "descartes": {
            "hashes": [
                "sha256:135a502146af5ed6ff359975e2ebc5fa4b71b5432c355c2cafdc6dea1337035b",
                "sha256:4c62dc41109689d03e4b35de0a2bcbdeeb81047badc607c4415d5c753bd683af",
                "sha256:b7e412e7e6e294412f1d0f661f187babc970088c2456089e6801eebb043c2e1b"
            ],
            "version": "==1.1.0"
        },
        "dill": {
            "hashes": [
                "sha256:97fd758f5fe742d42b11ec8318ecfcff8776bccacbfcec05dfd6276f5d450f73"
            ],
            "version": "==0.2.7.1"
        },
        "docutils": {
            "hashes": [
                "sha256:02aec4bd92ab067f6ff27a38a38a41173bf01bed8f89157768c1573f53e474a6",
                "sha256:51e64ef2ebfb29cae1faa133b3710143496eca21c530f3f71424d77687764274",
                "sha256:7a4bd47eaf6596e1295ecb11361139febe29b084a87bf005bf899f9a42edc3c6"
            ],
            "version": "==0.14"
        },
        "fiona": {
            "hashes": [
                "sha256:1b98785f48571a8cd09f6afab3ef2fe80ae20f3659475dd0c5a69aeefe218d31",
                "sha256:37f70422b7fdc46eeece9462cdbba099a81ca5c2de1103cb235b6ba9576a1f48",
                "sha256:5804c6f5f7e02cf1f95ca404c22653dd47d64e4496a0ba7af5a2d6b2051b872a",
                "sha256:65f1f3e56eff335861548ce4b40a8e72b19354e872991b9dd183ac8029388f88",
                "sha256:7b96b395bf55bab377e1651e6dc53b9bbdfee3fc92d53d778869a1209c3a60fc",
                "sha256:a54c7a7a82f6e28ada7998800ad635f9c21df88e14d52fd5a7c4bcc1fa02e16b",
                "sha256:b1c44f002826747ab6d6099aa8dc426a418bf34d4b2acdd326846860c4fc5f6d",
                "sha256:bde54f5e2fff6834dbc2b8457d12cf2f654aed5a3d2e5b0f86e0edde21f0ee53",
                "sha256:eb45c0d2caac3f08c8fdeccd87daf9245c99db1eceb40f1e6bed18bff430c692",
                "sha256:f7e9e0b777c4dddc24c76c49d650a42601016dd31413169e2db0b889ad9b8f47"
            ],
            "version": "==1.7.11.post2"
        },
        "flask": {
            "hashes": [
                "sha256:a4f97abd30d289e548434ef42317a793f58087be1989eab96f2c647470e77000",
                "sha256:b4713f2bfb9ebc2966b8a49903ae0d3984781d5c878591cf2f7b484d28756b0e"
            ],
            "version": "==0.11.1"
        },
        "flask-admin": {
            "hashes": [
                "sha256:88618750e08ceee1ab232a5a9ebcef31275db5db1c0b56db29e014c24c7067a4"
            ],
            "version": "==1.4.1"
        },
        "flask-cache": {
            "hashes": [
                "sha256:33187b3ddceeee233fe3db68ffcc118b5498e8ad28edde711bcbdcbf4924ce35",
                "sha256:90126ca9bc063854ef8ee276e95d38b2b4ec8e45fd77d5751d37971ee27c7ef4",
                "sha256:ae9d1ac4549517dfbc1f178ccc5429f61f836be3cc109a0b2481c98b3711c329"
            ],
            "version": "==0.13.1"
        },
        "flask-login": {
            "hashes": [
                "sha256:83d5f10e5c4f214feed6cc41c212db63a58a15ac32e56df81591bfa0a5cee3e5"
            ],
            "version": "==0.2.11"
        },
        "flask-swagger": {
            "hashes": [
                "sha256:42420efbed1aad86f7ca6bb869df550e09591e1d540ebd3040c197906c0f0be6"
            ],
            "version": "==0.2.13"
        },
        "flask-wtf": {
            "hashes": [
                "sha256:031c255f596dfc2f99f1bf12279cb26c7a61b66716bc90ed855a5b8792aba01d",
                "sha256:a938bfabc450b61e2d76f8b32288b65d0cd43ce33c2de496e1b28152c5d141cf"
            ],
            "version": "==0.14"
        },
        "funcsigs": {
            "hashes": [
                "sha256:1c916dfbb4aad250f2a40e937dcff206da165fa29fa909ee1ea02243f7386019",
                "sha256:2310f9d4a77c284e920ec572dc2525366a107b08d216ff8dbb891d95b6a77563"
            ],
            "version": "==1.0.0"
        },
        "future": {
            "hashes": [
                "sha256:e39ced1ab767b5936646cedba8bcce582398233d6a627067d4c6a454c90cfedb"
            ],
            "version": "==0.16.0"
        },
        "geopandas": {
            "hashes": [
                "sha256:38ec319ce8be344728cf124847251952af49adea8d38229723a55cc1ea473d44",
                "sha256:e63bb32a3e516d8c9bcd149c22335575defdc5896c8bdf15c836608f152a920b"
            ],
            "index": "pypi",
            "version": "==0.3.0"
        },
        "gitdb2": {
            "hashes": [
                "sha256:b60e29d4533e5e25bb50b7678bbc187c8f6bcff1344b4f293b2ba55c85795f09",
                "sha256:cf9a4b68e8c4da8d42e48728c944ff7af2d8c9db303ac1ab32eac37aa4194b0e"
            ],
            "version": "==2.0.3"
        },
        "gitpython": {
            "hashes": [
                "sha256:1ec4c44846cf76a1e55769560673a97731849c9d05401e035e607495f10db959",
                "sha256:b60b045cf64a321e5b620debb49890099fa6c7be6dfb7fb249027e5d34227301"
            ],
            "version": "==2.1.10"
        },
        "gunicorn": {
            "hashes": [
                "sha256:7ef2b828b335ed58e3b64ffa84caceb0a7dd7c5ca12f217241350dec36a1d5dc",
                "sha256:bc59005979efb6d2dd7d5ba72d99f8a8422862ad17ff3a16e900684630dd2a10"
            ],
            "version": "==19.8.1"
        },
        "hjson": {
            "hashes": [
                "sha256:1d1727faa6aaef2973921877125a3ab7c5f6d34b93233179d01770f41fab51f9"
            ],
            "index": "pypi",
            "version": "==3.0.1"
        },
        "html5lib": {
            "hashes": [
                "sha256:20b159aa3badc9d5ee8f5c647e5efd02ed2a66ab8d354930bd9ff139fc1dc0a3",
                "sha256:66cb0dcfdbbc4f9c3ba1a63fdb511ffdbd4f513b2b6d81b80cd26ce6b3fb3736"
            ],
            "version": "==1.0.1"
        },
        "idna": {
            "hashes": [
                "sha256:2c6a5de3089009e3da7c5dde64a141dbc8551d5b7f6cf4ed7c2568d0cc520a8f",
                "sha256:8c7309c718f94b3a625cb648ace320157ad16ff131ae0af362c9f21b80ef6ec4"
            ],
            "version": "==2.6"
        },
        "itsdangerous": {
            "hashes": [
                "sha256:cbb3fcf8d3e33df861709ecaf89d9e6629cff0a217bc2848f1b41cd30d360519"
            ],
            "version": "==0.24"
        },
        "jinja2": {
            "hashes": [
                "sha256:35341f3a97b46327b3ef1eb624aadea87a535b8f50863036e085e7c426ac5891",
                "sha256:3997cf273f1424207c60d5895264f74483fce72702f15a7cd51a8551d43663ca"
            ],
            "version": "==2.8.1"
        },
        "jsondiff": {
            "hashes": [
                "sha256:2d0437782de9418efa34e694aa59f43d7adb1899bd9a793f063867ddba8f7893"
            ],
            "index": "pypi",
            "version": "==1.1.1"
        },
        "kiwisolver": {
            "hashes": [
                "sha256:0ee4ed8b3ae8f5f712b0aa9ebd2858b5b232f1b9a96b0943dceb34df2a223bc3",
                "sha256:0f7f532f3c94e99545a29f4c3f05637f4d2713e7fd91b4dd8abfc18340b86cd5",
                "sha256:1a078f5dd7e99317098f0e0d490257fd0349d79363e8c923d5bb76428f318421",
                "sha256:1aa0b55a0eb1bd3fa82e704f44fb8f16e26702af1a073cc5030eea399e617b56",
                "sha256:2874060b91e131ceeff00574b7c2140749c9355817a4ed498e82a4ffa308ecbc",
                "sha256:379d97783ba8d2934d52221c833407f20ca287b36d949b4bba6c75274bcf6363",
                "sha256:3b791ddf2aefc56382aadc26ea5b352e86a2921e4e85c31c1f770f527eb06ce4",
                "sha256:4329008a167fac233e398e8a600d1b91539dc33c5a3eadee84c0d4b04d4494fa",
                "sha256:45813e0873bbb679334a161b28cb9606d9665e70561fd6caa8863e279b5e464b",
                "sha256:53a5b27e6b5717bdc0125338a822605084054c80f382051fb945d2c0e6899a20",
                "sha256:66f82819ff47fa67a11540da96966fb9245504b7f496034f534b81cacf333861",
                "sha256:79e5fe3ccd5144ae80777e12973027bd2f4f5e3ae8eb286cabe787bed9780138",
                "sha256:8b6a7b596ce1d2a6d93c3562f1178ebd3b7bb445b3b0dd33b09f9255e312a965",
                "sha256:9576cb63897fbfa69df60f994082c3f4b8e6adb49cccb60efb2a80a208e6f996",
                "sha256:95a25d9f3449046ecbe9065be8f8380c03c56081bc5d41fe0fb964aaa30b2195",
                "sha256:aaec1cfd94f4f3e9a25e144d5b0ed1eb8a9596ec36d7318a504d813412563a85",
                "sha256:acb673eecbae089ea3be3dcf75bfe45fc8d4dcdc951e27d8691887963cf421c7",
                "sha256:b15bc8d2c2848a4a7c04f76c9b3dc3561e95d4dabc6b4f24bfabe5fd81a0b14f",
                "sha256:b1c240d565e977d80c0083404c01e4d59c5772c977fae2c483f100567f50847b",
                "sha256:ce3be5d520b4d2c3e5eeb4cd2ef62b9b9ab8ac6b6fedbaa0e39cdb6f50644278",
                "sha256:e0f910f84b35c36a3513b96d816e6442ae138862257ae18a0019d2fc67b041dc",
                "sha256:ea36e19ac0a483eea239320aef0bd40702404ff8c7e42179a2d9d36c5afcb55c",
                "sha256:f923406e6b32c86309261b8195e24e18b6a8801df0cfc7814ac44017bfcb3939"
            ],
            "version": "==1.0.1"
        },
        "lockfile": {
            "hashes": [
                "sha256:6aed02de03cba24efabcd600b30540140634fc06cfa603822d508d5361e9f799",
                "sha256:6c3cb24f344923d30b2785d5ad75182c8ea7ac1b6171b08657258ec7429d50fa"
            ],
            "version": "==0.12.2"
        },
        "lxml": {
            "hashes": [
                "sha256:0da0a0711b8aa3161cf263ced74f736990952e44f1d0183c5248f16a1dc1f133",
                "sha256:13e5a6373168ffad39facbba98d35a8bdbc6248dbaa61c9c9470c39906c1b8f1",
                "sha256:13ec5a016e588b2e0ec2c46e0091b1b639b0eb6e428c108f0695f2bff1bafae8",
                "sha256:14e4dedfd4f0bb0fbb79c1df7b61cf8fcb236f208ee9a3d6ffa83bab1862bb72",
                "sha256:163aefc42424c5ce3a3f9a021d8362445142ab51d4b34face30c9db6c6054687",
                "sha256:1a55955329cc8a406458a7eb112c78290c9bc7e2311750ac1d70314a10246a15",
                "sha256:202a22be99423d269ff11dec7cdf23b6262b3da17854336d4741699c53ca7ea9",
                "sha256:2e779d9da6a3f4f8cd75bb31b5aef9bfdf5dcd415847c4eca8891847108861bc",
                "sha256:372de0c373710c3114b10b20580d880b2e0b71f045092278a63aa15412336a7f",
                "sha256:3ae6d795aaef0d724e533e0383fe8877e6a25f8b22b3d61dd06b53ce12186165",
                "sha256:420e91c29fb6c3f920a4d7b74864721f57cfc5ebe4bef980a2de268de3805f10",
                "sha256:50bd89e62f730614beb7ac85c78d948c470a1bfff4728ff67a178fda7e3c5192",
                "sha256:52c4bf8871a1e91958a0cb9ec30dbc268298efd0e59660ceebc8277d61b36be2",
                "sha256:54325c7eae22211c0a577b2ca4f10f47b4d352aaff468909209af543a57eb08e",
                "sha256:548ed7232a56b2ab7df3330de8a283bf937d4878dd4ddb57068849f06cb15a2c",
                "sha256:5c321ab3b310f0342f5369be7279fcfc0366eb8c8b47bd8fa31b1a3c063b6586",
                "sha256:5c4ad32804abf0d872776f44bf4e4a5181ed37b3de77a87f6d7b2a1d42620cbd",
                "sha256:5d5d46ff5465241e6100f0a023e8afcbd75119f598e94c444246bb7f4cbd23f6",
                "sha256:63b8e868742df9b9987fa86b12a525e0cf672fc8c15dd860fa51c4a00d07c7e0",
                "sha256:66157afa19e185beb9840117a3227c91168b46a8d72621bef055aa62a8c2b771",
                "sha256:736f72be15caad8116891eb6aa4a078b590d231fdc63818c40c21624ac71db96",
                "sha256:7631fcd0c2db922d4add8193da3a4846d6e305219942ff9ea89d6e701fb8de38",
                "sha256:79226dd2b9fbd63f1b8739b6823bd95b81d502043fd0b81ff8925d55b22f0154",
                "sha256:872c9f47d523489e3fa4a933610bc9fa5fa434a75d9d26dc01df4b433f2f8b98",
                "sha256:93081f9c87fa520447a191152c7d89cf687c5c8e6fef06493ba809e3196ca35e",
                "sha256:9374c9399c1d8479b2b93295abf5997ebaa6d9c5e21a3dc03d1c18b61247cfae",
                "sha256:9e32fb013ff5b7bd06b1899fe027d46d5b4b2e684ff9159146841bfaaa6b3866",
                "sha256:a61a7a4286d8fc450a32a148fced8d3ac71fa55afd922a4043e13cb86eb6d797",
                "sha256:abdf1911c23dd94dad0095b566e91e5b01d017a0288f5ebdebe1c120bdcb28a0",
                "sha256:b1f4b7473d97fbb1b6efe24a8cdd9e37a6d28cd7d8524ea62f782bebe6c25f33",
                "sha256:b3d66246c9b41e495ca02a7c33f6ca415febd06e1e9e1cc5842592881c327987",
                "sha256:bd9f07e9aef9ff12f3a07d0a084001e983f4c32ea5b1143e1804762a58d22271",
                "sha256:ce0cfb8fb7fc1a06c457184df12736687e24a31198058e33d300ece7811602d5",
                "sha256:d1cb088a961cf093b73c7b9460fa43a3afff385c1f1bc306fc3b8819819c2d24",
                "sha256:dda7051dad02da2f36be48d68ca500d31fcd8c8fce3986183d48b02637f2f985",
                "sha256:e54ca8cdd70079e7a3e2c061ef3703b2a43159462c1dbd17c11f3ea1fb3601e7",
                "sha256:e66a62e84cdea052a17a5e2a896cd79a9a53ec570681f3bc32d012863e02acb0",
                "sha256:ef4945f9c9e32e68669109e2b009becc71f3ca57b9de79b604b820ca8de2b85c",
                "sha256:f54429d14fe7f4a54db9217bd35641163a58efda72b656793daed601db2bf5f0"
            ],
            "version": "==3.8.0"
        },
        "mako": {
            "hashes": [
                "sha256:4e02fde57bd4abb5ec400181e4c314f56ac3e49ba4fb8b0d50bba18cb27d25ae"
            ],
            "version": "==1.0.7"
        },
        "markdown": {
            "hashes": [
                "sha256:9ba587db9daee7ec761cfc656272be6aabe2ed300fece21208e4aab2e457bc8f",
                "sha256:a856869c7ff079ad84a3e19cd87a64998350c2b94e9e08e44270faef33400f81"
            ],
            "version": "==2.6.11"
        },
        "markupsafe": {
            "hashes": [
                "sha256:a6be69091dac236ea9c6bc7d012beab42010fa914c459791d627dad4910eb665"
            ],
            "version": "==1.0"
        },
        "matplotlib": {
            "hashes": [
                "sha256:07055eb872fa109bd88f599bdb52065704b2e22d475b67675f345d75d32038a0",
                "sha256:0f2f253d6d51f5ed52a819921f8a0a8e054ce0daefcfbc2557e1c433f14dc77d",
                "sha256:1ef9fd285334bd6b0495b6de9d56a39dc95081577f27bafabcf28e0d318bed31",
                "sha256:3fb2db66ef98246bafc04b4ef4e9b0e73c6369f38a29716844e939d197df816a",
                "sha256:3fd90b407d1ab0dae686a4200030ce305526ff20b85a443dc490d194114b2dfa",
                "sha256:45dac8589ef1721d7f2ab0f48f986694494dfcc5d13a3e43a5cb6c816276094e",
                "sha256:4bb10087e09629ba3f9b25b6c734fd3f99542f93d71c5b9c023f28cb377b43a9",
                "sha256:4dc7ef528aad21f22be85e95725234c5178c0f938e2228ca76640e5e84d8cde8",
                "sha256:4f6a516d5ef39128bb16af7457e73dde25c30625c4916d8fbd1cc7c14c55e691",
                "sha256:70f0e407fbe9e97f16597223269c849597047421af5eb8b60dbaca0382037e78",
                "sha256:7b3d03c876684618e2a2be6abeb8d3a033c3a1bb38a786f751199753ef6227e6",
                "sha256:8944d311ce37bee1ba0e41a9b58dcf330ffe0cf29d7654c3d07c572215da68ac",
                "sha256:8ff08eaa25c66383fe3b6c7eb288da3c22dcedc4b110a0b592b35f68d0e093b2",
                "sha256:9d12378d6a236aa38326e27f3a29427b63edce4ce325745785aec1a7535b1f85",
                "sha256:abfd3d9390eb4f2d82cbcaa3a5c2834c581329b64eccb7a071ed9d5df27424f7",
                "sha256:bc4d7481f0e8ec94cb1afc4a59905d6274b3b4c389aba7a2539e071766671735",
                "sha256:dc0ba2080fd0cfdd07b3458ee4324d35806733feb2b080838d7094731d3f73d9",
                "sha256:f26fba7fc68994ab2805d77e0695417f9377a00d36ba4248b5d0f1e5adb08d24"
            ],
            "version": "==2.2.2"
        },
        "munch": {
            "hashes": [
                "sha256:6ae3d26b837feacf732fb8aa5b842130da1daf221f5af9f9d4b2a0a6414b0d51"
            ],
            "version": "==2.3.2"
        },
        "numpy": {
            "hashes": [
                "sha256:0074d42e2cc333800bd09996223d40ec52e3b1ec0a5cab05dacc09b662c4c1ae",
                "sha256:034717bfef517858abc79324820a702dc6cd063effb9baab86533e8a78670689",
                "sha256:0db6301324d0568089663ef2701ad90ebac0e975742c97460e89366692bd0563",
                "sha256:1864d005b2eb7598063e35c320787d87730d864f40d6410f768fe4ea20672016",
                "sha256:46ce8323ca9384814c7645298b8b627b7d04ce97d6948ef02da357b2389d6972",
                "sha256:510863d606c932b41d2209e4de6157ab3fdf52001d3e4ad351103176d33c4b8b",
                "sha256:560e23a12e7599be8e8b67621396c5bc687fd54b48b890adbc71bc5a67333f86",
                "sha256:57dc6c22d59054542600fce6fae2d1189b9c50bafc1aab32e55f7efcc84a6c46",
                "sha256:760550fdf9d8ec7da9c4402a4afe6e25c0f184ae132011676298a6b636660b45",
                "sha256:8670067685051b49d1f2f66e396488064299fefca199c7c80b6ba0c639fedc98",
                "sha256:9016692c7d390f9d378fc88b7a799dc9caa7eb938163dda5276d3f3d6f75debf",
                "sha256:98ff275f1b5907490d26b30b6ff111ecf2de0254f0ab08833d8fe61aa2068a00",
                "sha256:9ccf4d5c9139b1e985db915039baa0610a7e4a45090580065f8d8cb801b7422f",
                "sha256:a8dbab311d4259de5eeaa5b4e83f5f8545e4808f9144e84c0f424a6ee55a7b98",
                "sha256:aaef1bea636b6e552bbc5dae0ada87d4f6046359daaa97a05a013b0169620f27",
                "sha256:b8987e30d9a0eb6635df9705a75cf8c4a2835590244baecf210163343bc65176",
                "sha256:c3fe23df6fe0898e788581753da453f877350058c5982e85a8972feeecb15309",
                "sha256:c5eb7254cfc4bd7a4330ad7e1f65b98343836865338c57b0e25c661e41d5cfd9",
                "sha256:c80fcf9b38c7f4df666150069b04abbd2fe42ae640703a6e1f128cda83b552b7",
                "sha256:e33baf50f2f6b7153ddb973601a11df852697fba4c08b34a5e0f39f66f8120e1",
                "sha256:e8578a62a8eaf552b95d62f630bb5dd071243ba1302bbff3e55ac48588508736",
                "sha256:f22b3206f1c561dd9110b93d144c6aaa4a9a354e3b07ad36030df3ea92c5bb5b",
                "sha256:f39afab5769b3aaa786634b94b4a23ef3c150bdda044e8a32a3fc16ddafe803b"
            ],
            "version": "==1.14.3"
        },
        "ordereddict": {
            "hashes": [
                "sha256:1c35b4ac206cef2d24816c89f89cf289dd3d38cf7c449bb3fab7bf6d43f01b1f"
            ],
            "version": "==1.1"
        },
        "pandas": {
            "hashes": [
                "sha256:295cf212054b28f1d111f3ffff932a012601558424ec892f2450d6197f6eeb92",
                "sha256:29960ea1783c59fe86b323799b130592149e0f7bb739149e7fc512b0272d9fc3",
                "sha256:29dde0874d1efb8a346f8d919b0530a9ae788ad1003752376133e38df09e6fcb",
                "sha256:2d6b7b152a6ba44627c60df291f773c4438df01653abcbec7fc556d6039f1705",
                "sha256:5de7275fc7222211dcac603ea81f1e143c45f8ec41d2e21df71aad0c95c1097c",
                "sha256:7261b3567804a70714cc2591e2f7f1e372379db9e140f9d7ffb4b8884eaa48f7",
                "sha256:758b8f6c68bc99b2eb64e57092d3aa07bd68a774e92e7686e473e0d9c86a2309",
                "sha256:835c5a2aeaa3cb5ef2a1d771c75ee3a73d6ad1b82cfc54677c8f863c75fa51bd",
                "sha256:8398d7a47ae667a639ac4ee6724d7ef98602b5ff2b10b5b4d5e6ab45a8d596d2",
                "sha256:84ab1d50590cb2d9554211f164dc1b1a216bc94da2ba922aed2690c83f248fd9",
                "sha256:98054c04318ba46bb81433230c2e5fab6a68df916ccb5355d428907bfb16b257",
                "sha256:9e5ee41d1550ec36093c95e30644e313df4b57c1cdead545754d9c113aecbbb5",
                "sha256:d4495aba61060d87c634fc777ac15aecd1d176987e5ed0585a3ed7e2f4e6c1f7",
                "sha256:d5f72c8239e46cfcc363c7e532a474b7ea3d8892b7b6e5ec0da6b3ebae2a07d3",
                "sha256:d88f484a25ac212fd720b5f9b9686e83f86df2b091b51f4b7b1d9089bd842f79"
            ],
            "version": "==0.23.0"
        },
        "psutil": {
            "hashes": [
                "sha256:10fbb631142a3200623f4ab49f8bf82c32b79b8fe179f6056d01da3dfc589da1",
                "sha256:11a20c0328206dce68f8da771461aeaef9c44811e639216fd935837e758632dc",
                "sha256:15aba78f0262d7839702913f5d2ce1e97c89e31456bb26da1a5f9f7d7fe6d336",
                "sha256:1c37e6428f7fe3aeea607f9249986d9bb933bb98133c7919837fd9aac4996b07",
                "sha256:2eb123ca86057ed4f31cfc9880e098ee7a8e19c7ec02b068c45e7559ae7539a6",
                "sha256:642194ebefa573de62406883eb33868917bab2cc2e21b68d551248e194dd0b0a",
                "sha256:69e30d789c495b781f7cd47c13ee64452c58abfc7132d6dd1b389af312a78239",
                "sha256:6c40dc16b579f645e1804341322364203d0b21045747e62e360fae843d945e20",
                "sha256:7106cb3722235ccb6fe4b18c51f60a548d4b111ec2d209abdcd3998661f4593a",
                "sha256:7481f299ae0e966a10cb8dd93a327efd8f51995d9bdc8810dcc65d3b12d856ee",
                "sha256:c02b9fb5f1f3c857938b26a73b1ca92007e8b0b2fd64693b29300fae0ceaf679",
                "sha256:c2b0d8d1d8b5669b9884d0dd49ccb4094d163858d672d3d13a3fa817bc8a3197",
                "sha256:c353ecc62e67bf7c7051c087670d49eae9472f1b30bb1623d667b0cd137e8934",
                "sha256:d96d31d83781c7f3d0df8ccb1cc50650ca84d4722c5070b71ce8f1cc112e02e0",
                "sha256:de1f53fe955dfba562f7791f72517935010a2e88f9caad36917e8c5c03de9051",
                "sha256:e423dd9cb12256c742d1d56ec38bc7d2a7fa09287c82c41e475e68b9f932c2af",
                "sha256:e44d6b758a96539e3e02336430d3f85263d43c470c5bad93572e9b6a86c67f76"
            ],
            "version": "==4.4.2"
        },
        "pygments": {
            "hashes": [
                "sha256:78f3f434bcc5d6ee09020f92ba487f95ba50f1e3ef83ae96b9d5ffa1bab25c5d",
                "sha256:dbae1046def0efb574852fab9e90209b23f556367b5a320c0bcb871c77c3e8cc"
            ],
            "version": "==2.2.0"
        },
        "pyparsing": {
            "hashes": [
                "sha256:0832bcf47acd283788593e7a0f542407bd9550a55a8a8435214a1960e04bcb04",
                "sha256:281683241b25fe9b80ec9d66017485f6deff1af5cde372469134b56ca8447a07",
                "sha256:8f1e18d3fd36c6795bb7e02a39fd05c611ffc2596c1e0d995d34d67630426c18",
                "sha256:9e8143a3e15c13713506886badd96ca4b579a87fbdf49e550dbfc057d6cb218e",
                "sha256:b8b3117ed9bdf45e14dcc89345ce638ec7e0e29b2b579fa1ecf32ce45ebac8a5",
                "sha256:e4d45427c6e20a59bf4f88c639dcc03ce30d193112047f94012102f235853a58",
                "sha256:fee43f17a9c4087e7ed1605bd6df994c6173c1e977d7ade7b651292fab2bd010"
            ],
            "version": "==2.2.0"
        },
        "pyproj": {
            "hashes": [
                "sha256:53fa54c8fa8a1dfcd6af4bf09ce1aae5d4d949da63b90570ac5ec849efaf3ea8"
            ],
            "version": "==1.9.5.1"
        },
        "python-daemon": {
            "hashes": [
                "sha256:261c859be5c12ae7d4286dc6951e87e9e1a70a882a8b41fd926efc1ec4214f73",
                "sha256:53da55aec3bb67b576e13a8091a2181f99b395c2eec32a5a0d91d347a5c420a7"
            ],
            "version": "==2.1.2"
        },
        "python-dateutil": {
            "hashes": [
                "sha256:1adb80e7a782c12e52ef9a8182bebeb73f1d7e24e374397af06fb4956c8dc5c0",
                "sha256:e27001de32f627c22380a688bcc43ce83504a7bc5da472209b4c70f02829f0b8"
            ],
            "version": "==2.7.3"
        },
        "python-editor": {
            "hashes": [
                "sha256:a3c066acee22a1c94f63938341d4fb374e3fdd69366ed6603d7b24bed1efc565"
            ],
            "version": "==1.0.3"
        },
        "python-nvd3": {
            "hashes": [
                "sha256:86ca51a9526ced2ebe8faff999b0660755f51f2d00af7871efba9b777470ae95"
            ],
            "version": "==0.14.2"
        },
        "python-slugify": {
            "hashes": [
                "sha256:e674f0d45eaeb5c47b7d4771319889a39b15ee87aa62c3b2fcc33cf34e94fc98"
            ],
            "version": "==1.1.4"
        },
        "pytz": {
            "hashes": [
                "sha256:65ae0c8101309c45772196b21b74c46b2e5d11b6275c45d251b150d5da334555",
                "sha256:c06425302f2cf668f1bba7a0a03f3c1d34d4ebeef2c72003da308b3947c7f749"
            ],
            "version": "==2018.4"
        },
        "pyyaml": {
            "hashes": [
                "sha256:0c507b7f74b3d2dd4d1322ec8a94794927305ab4cebbe89cc47fe5e81541e6e8",
                "sha256:16b20e970597e051997d90dc2cddc713a2876c47e3d92d59ee198700c5427736",
                "sha256:3262c96a1ca437e7e4763e2843746588a965426550f3797a79fca9c6199c431f",
                "sha256:326420cbb492172dec84b0f65c80942de6cedb5233c413dd824483989c000608",
                "sha256:4474f8ea030b5127225b8894d626bb66c01cda098d47a2b0d3429b6700af9fd8",
                "sha256:592766c6303207a20efc445587778322d7f73b161bd994f227adaa341ba212ab",
                "sha256:5ac82e411044fb129bae5cfbeb3ba626acb2af31a8d17d175004b70862a741a7",
                "sha256:5f84523c076ad14ff5e6c037fe1c89a7f73a3e04cf0377cb4d017014976433f3",
                "sha256:827dc04b8fa7d07c44de11fabbc888e627fa8293b695e0f99cb544fdfa1bf0d1",
                "sha256:b4c423ab23291d3945ac61346feeb9a0dc4184999ede5e7c43e1ffb975130ae6",
                "sha256:bc6bced57f826ca7cb5125a10b23fd0f2fff3b7c4701d64c439a300ce665fff8",
                "sha256:c01b880ec30b5a6e6aa67b09a2fe3fb30473008c85cd6a67359a1b15ed6d83a4",
                "sha256:ca233c64c6e40eaa6c66ef97058cdc80e8d0157a443655baa1b2966e812807ca",
                "sha256:e863072cdf4c72eebf179342c94e6989c67185842d9997960b3e69290b2fa269"
            ],
            "version": "==3.12"
        },
        "requests": {
            "hashes": [
                "sha256:6a1b267aa90cac58ac3a765d067950e7dbbf75b1da07e895d1f594193a40a38b",
                "sha256:9c443e7324ba5b85070c4a818ade28bfabedf16ea10206da1132edaa6dda237e"
            ],
            "index": "pypi",
            "version": "==2.18.4"
        },
        "setproctitle": {
            "hashes": [
                "sha256:6283b7a58477dd8478fbb9e76defb37968ee4ba47b05ec1c053cb39638bd7398",
                "sha256:6a035eddac62898786aed2c2eee7334c28cfc8106e8eb29fdd117cac56c6cdf0"
            ],
            "version": "==1.1.10"
        },
        "shapely": {
            "hashes": [
                "sha256:049e7732c58f8ee143899f9efbf714d8e7e3578443883c95614cfd4891d36502",
                "sha256:13c82c9110e630039163bdcdb9969db4fadd145bcf633fc678fa762b01686e6d",
                "sha256:2222eba7f461f4b3f406b569727561f300ecd57e31e01b49ffd327dc4cbda632",
                "sha256:30df7572d311514802df8dc0e229d1660bc4cbdcf027a8281e79c5fc2fcf02f2",
                "sha256:41850cbfc79de117e3ccbc025b2eb7ee9170c29e65910003828e560ff076fc0d",
                "sha256:592a7821c00ef4e0ae07e952366ad537313ccb7488665dd54b87e6f8eb31ef80",
                "sha256:a0db70e3384f1227bc40e22e9d77db3a54e02b54b48cf6b0c22ddfc0b688542d",
                "sha256:c1f4d74e4c4a5681e77fbee5a7b0599a91ca39a8e260f2839a9a764382994f7f",
                "sha256:cf02668c8633a41782b5244e04d5d0689847ac535cdf2fea66e4cac7dd772895",
                "sha256:e848bf533f0d6cbc336b4cf01dd1aa7873174ba7304a620baa7d663d1d0ce879"
            ],
            "version": "==1.6.4.post1"
        },
        "six": {
            "hashes": [
                "sha256:70e8a77beed4562e7f14fe23a786b54f6296e34344c23bc42f07b15018ff98e9",
                "sha256:832dc0e10feb1aa2c68dcc57dbb658f1c7e65b9b61af69048abc87a2db00a0eb"
            ],
            "version": "==1.11.0"
        },
        "smmap2": {
            "hashes": [
                "sha256:b78ee0f1f5772d69ff50b1cbdb01b8c6647a8354f02f23b488cf4b2cfc923956",
                "sha256:c7530db63f15f09f8251094b22091298e82bf6c699a6b8344aaaef3f2e1276c3"
            ],
            "version": "==2.0.3"
        },
        "sqlalchemy": {
            "hashes": [
                "sha256:d6cda03b0187d6ed796ff70e87c9a7dce2c2c9650a7bc3c022cd331416853c31"
            ],
            "version": "==1.2.7"
        },
        "tabulate": {
            "hashes": [
                "sha256:1f07f6252b20cdc4ed744b598b5fa8362638988b50a62f3e2ad76c97fc02eef2",
                "sha256:83a0b8e17c09f012090a50e1e97ae897300a72b35e0c86c0b53d3bd2ae86d8c6"
            ],
            "version": "==0.7.7"
        },
        "thrift": {
            "hashes": [
                "sha256:7d59ac4fdcb2c58037ebd4a9da5f9a49e3e034bf75b3f26d9fe48ba3d8806e6b"
            ],
            "version": "==0.11.0"
        },
        "unidecode": {
            "hashes": [
                "sha256:72f49d3729f3d8f5799f710b97c1451c5163102e76d64d20e170aedbbd923582",
                "sha256:8c33dd588e0c9bc22a76eaa0c715a5434851f726131bd44a6c26471746efabf5"
            ],
            "version": "==1.0.22"
        },
        "urllib3": {
            "hashes": [
                "sha256:06330f386d6e4b195fbfc736b297f58c5a892e4440e54d294d7004e3a9bbea1b",
                "sha256:cc44da8e1145637334317feebd728bd869a35285b93cbb4cca2577da7e62db4f"
            ],
            "version": "==1.22"
        },
        "webencodings": {
            "hashes": [
                "sha256:a0af1213f3c2226497a97e2b3aa01a7e4bee4f403f95be16fc9acd2947514a78",
                "sha256:b36a1c245f2d304965eb4e0a82848379241dc04b865afcc4aab16748587e1923"
            ],
            "version": "==0.5.1"
        },
        "werkzeug": {
            "hashes": [
                "sha256:c3fd7a7d41976d9f44db327260e263132466836cef6f91512889ed60ad26557c",
                "sha256:d5da73735293558eb1651ee2fddc4d0dedcfa06538b8813a2e20011583c9e49b"
            ],
            "version": "==0.14.1"
        },
        "wtforms": {
            "hashes": [
                "sha256:ffdf10bd1fa565b8233380cb77a304cd36fd55c73023e91d4b803c96bc11d46f"
            ],
            "version": "==2.1"
        },
        "zope.deprecation": {
            "hashes": [
                "sha256:7d52e134bbaaa0d72e1e2bc90f0587f1adc116c4bdf15912afaf2f1e8856b224",
                "sha256:c83cfef3085d10dcb07de5a59a2d95713865befa46e0e88784c5648610fba789"
            ],
            "version": "==4.3.0"
        }
    },
    "develop": {}
}
